
Microsoft Visual Studio Solution File, Format Version 12.00
# Visual Studio 15
VisualStudioVersion = 15.0.26730.10
MinimumVisualStudioVersion = 10.0.40219.1
Project("{F184B08F-C81C-45F6-A57F-5ABD9991F28F}") = "jbutenhoff1b1", "jbutenhoff1b1\jbutenhoff1b1.vbproj", "{D9810612-3D40-42BB-9EC3-E62ABEA41D2C}"
EndProject
Project("{F184B08F-C81C-45F6-A57F-5ABD9991F28F}") = "jbutenhoff1c1", "jbutenhoff1c1\jbutenhoff1c1.vbproj", "{94385866-821C-4CB4-A3FB-54BE9745AA11}"
EndProject
Project("{F184B08F-C81C-45F6-A57F-5ABD9991F28F}") = "jbutenhoff1d1", "jbutenhoff1d1\jbutenhoff1d1.vbproj", "{7691698E-10E6-4345-BDAA-97C98B4DAACE}"
EndProject
Global
	GlobalSection(SolutionConfigurationPlatforms) = preSolution
		Debug|Any CPU = Debug|Any CPU
		Release|Any CPU = Release|Any CPU
	EndGlobalSection
	GlobalSection(ProjectConfigurationPlatforms) = postSolution
		{D9810612-3D40-42BB-9EC3-E62ABEA41D2C}.Debug|Any CPU.ActiveCfg = Debug|Any CPU
		{D9810612-3D40-42BB-9EC3-E62ABEA41D2C}.Debug|Any CPU.Build.0 = Debug|Any CPU
		{D9810612-3D40-42BB-9EC3-E62ABEA41D2C}.Release|Any CPU.ActiveCfg = Release|Any CPU
		{D9810612-3D40-42BB-9EC3-E62ABEA41D2C}.Release|Any CPU.Build.0 = Release|Any CPU
		{94385866-821C-4CB4-A3FB-54BE9745AA11}.Debug|Any CPU.ActiveCfg = Debug|Any CPU
		{94385866-821C-4CB4-A3FB-54BE9745AA11}.Debug|Any CPU.Build.0 = Debug|Any CPU
		{94385866-821C-4CB4-A3FB-54BE9745AA11}.Release|Any CPU.ActiveCfg = Release|Any CPU
		{94385866-821C-4CB4-A3FB-54BE9745AA11}.Release|Any CPU.Build.0 = Release|Any CPU
		{7691698E-10E6-4345-BDAA-97C98B4DAACE}.Debug|Any CPU.ActiveCfg = Debug|Any CPU
		{7691698E-10E6-4345-BDAA-97C98B4DAACE}.Debug|Any CPU.Build.0 = Debug|Any CPU
		{7691698E-10E6-4345-BDAA-97C98B4DAACE}.Release|Any CPU.ActiveCfg = Release|Any CPU
		{7691698E-10E6-4345-BDAA-97C98B4DAACE}.Release|Any CPU.Build.0 = Release|Any CPU
	EndGlobalSection
	GlobalSection(SolutionProperties) = preSolution
		HideSolutionNode = FALSE
	EndGlobalSection
	GlobalSection(ExtensibilityGlobals) = postSolution
		SolutionGuid = {0F465EDC-4EA6-438F-8519-89ECFF91E5A7}
	EndGlobalSection
EndGlobal
