
Microsoft Visual Studio Solution File, Format Version 12.00
# Visual Studio 15
VisualStudioVersion = 15.0.26730.10
MinimumVisualStudioVersion = 10.0.40219.1
Project("{F184B08F-C81C-45F6-A57F-5ABD9991F28F}") = "jbutenhoff1b1", "jbutenhoff1b1\jbutenhoff1b1.vbproj", "{D9810612-3D40-42BB-9EC3-E62ABEA41D2C}"
EndProject
Project("{F184B08F-C81C-45F6-A57F-5ABD9991F28F}") = "jbutenhoff1c1", "jbutenhoff1c1\jbutenhoff1c1.vbproj", "{94385866-821C-4CB4-A3FB-54BE9745AA11}"
EndProject
Project("{F184B08F-C81C-45F6-A57F-5ABD9991F28F}") = "jbutenhoff1d1", "jbutenhoff1d1\jbutenhoff1d1.vbproj", "{7691698E-10E6-4345-BDAA-97C98B4DAACE}"
EndProject
Project("{F184B08F-C81C-45F6-A57F-5ABD9991F28F}") = "jbutenhoff1e1", "jbutenhoff1e1\jbutenhoff1e1.vbproj", "{6561F37D-DF96-41A1-B742-827B6202DC59}"
EndProject
Project("{F184B08F-C81C-45F6-A57F-5ABD9991F28F}") = "jbutenhoff1f1", "jbutenhoff1f1\jbutenhoff1f1.vbproj", "{44523CB7-0AB2-4EA4-B8EE-7C9E6F2790BD}"
EndProject
Project("{F184B08F-C81C-45F6-A57F-5ABD9991F28F}") = "jbutenhoff1g1", "jbutenhoff1g1\jbutenhoff1g1.vbproj", "{DF687627-31D0-4856-ACD3-E28778287291}"
EndProject
Project("{F184B08F-C81C-45F6-A57F-5ABD9991F28F}") = "jbutenhoff1h1", "jbutenhoff1h1\jbutenhoff1h1.vbproj", "{0B34D036-7D17-428C-BD1F-6CB5B5CA3B82}"
EndProject
Project("{F184B08F-C81C-45F6-A57F-5ABD9991F28F}") = "Commission Project", "Commission Project\Commission Project.vbproj", "{55C43BC1-94A4-4F82-A5E0-B71AD974043E}"
EndProject
Project("{F184B08F-C81C-45F6-A57F-5ABD9991F28F}") = "Total Scores Project", "Total Scores Project\Total Scores Project.vbproj", "{AB8490AC-3483-4455-96A0-A2B77BE69768}"
EndProject
Project("{F184B08F-C81C-45F6-A57F-5ABD9991F28F}") = "Area Calculator Project", "Area Calculator Project\Area Calculator Project.vbproj", "{0C3FB571-F6F3-4870-B182-9BF7EF589F06}"
EndProject
Project("{F184B08F-C81C-45F6-A57F-5ABD9991F28F}") = "jbutenhoff2a1", "jbutenhoff2a1\jbutenhoff2a1.vbproj", "{6B1DFB56-BA34-453B-8777-5E5D9D46F9B4}"
EndProject
Project("{F184B08F-C81C-45F6-A57F-5ABD9991F28F}") = "jbutenhoff2b1", "jbutenhoff2b1\jbutenhoff2b1.vbproj", "{5C30B494-BC7C-4FBD-BBFE-187B1A83AD0B}"
EndProject
Project("{F184B08F-C81C-45F6-A57F-5ABD9991F28F}") = "jbutenhoff2c1", "jbutenhoff2c1\jbutenhoff2c1.vbproj", "{4B1FF7F8-633D-4A1E-AF8A-1EFE805972AF}"
EndProject
Project("{F184B08F-C81C-45F6-A57F-5ABD9991F28F}") = "jbutenhoff2d1", "jbutenhoff2d1\jbutenhoff2d1.vbproj", "{5B87C39D-8393-4BAC-B8E8-18A4A5CDA336}"
EndProject
Project("{F184B08F-C81C-45F6-A57F-5ABD9991F28F}") = "Voter Project", "..\..\..\..\Downloads\1285860268_492904 StudentFiles\VB2015\Chap05\Voter Solution\Voter Project\Voter Project.vbproj", "{0CDBCBC5-3507-47C7-8B73-9FC1A802A750}"
EndProject
Project("{F184B08F-C81C-45F6-A57F-5ABD9991F28F}") = "Snowboard Project", "..\..\..\..\Downloads\1285860268_492904 StudentFiles\VB2015\Chap05\Snowboard Solution-If\Snowboard Project\Snowboard Project.vbproj", "{4DB33D66-40AD-472E-86A2-431A2B82D5B7}"
EndProject
Project("{F184B08F-C81C-45F6-A57F-5ABD9991F28F}") = "Roll Em Project", "..\..\..\..\Downloads\1285860268_492904 StudentFiles\VB2015\Chap05\Roll Em Solution\Roll Em Project\Roll Em Project.vbproj", "{B042967E-DFDF-4479-ABC4-93B7E37BE67C}"
EndProject
Project("{F184B08F-C81C-45F6-A57F-5ABD9991F28F}") = "New Pay Project", "..\..\..\..\Downloads\1285860268_492904 StudentFiles\VB2015\Chap05\New Pay Solution\New Pay Project\New Pay Project.vbproj", "{C48484E0-525E-4222-A7C4-76AA5B0730FB}"
EndProject
Project("{F184B08F-C81C-45F6-A57F-5ABD9991F28F}") = "jbutenhoff2e1", "jbutenhoff2e1\jbutenhoff2e1.vbproj", "{0DEB5F7A-BF3D-49B9-8BB7-B9C88DCBAB35}"
EndProject
Project("{F184B08F-C81C-45F6-A57F-5ABD9991F28F}") = "jbutenhoff2g1", "jbutenhoff2g1\jbutenhoff2g1.vbproj", "{B448F313-7C90-44A9-AF5D-8632D3A0B73F}"
EndProject
Project("{F184B08F-C81C-45F6-A57F-5ABD9991F28F}") = "jbutenhoff2h1", "jbutenhoff2h1\jbutenhoff2h1.vbproj", "{504F2E90-959E-49F3-BD6B-2886E6E73922}"
EndProject
Project("{F184B08F-C81C-45F6-A57F-5ABD9991F28F}") = "Pizza Project", "Pizza Solution\Pizza Project\Pizza Project.vbproj", "{110C3EFB-CA25-4722-8C19-6781FBDD5704}"
EndProject
Project("{F184B08F-C81C-45F6-A57F-5ABD9991F28F}") = "Product Project", "Product Solution\Product Project\Product Project.vbproj", "{EB94A82D-F492-4F18-8842-01647FCB14EE}"
EndProject
Project("{F184B08F-C81C-45F6-A57F-5ABD9991F28F}") = "Net Pay Project", "Net Pay Solution\Net Pay Project\Net Pay Project.vbproj", "{CDE283B4-7054-49FD-B2B7-EBE405025712}"
EndProject
Project("{F184B08F-C81C-45F6-A57F-5ABD9991F28F}") = "City State Project", "..\..\..\..\Downloads\1285860268_492904 StudentFiles\VB2015\Chap08\City State Solution\City State Project\City State Project.vbproj", "{5B0D6235-E8E7-4E43-9E08-87EF791A007D}"
EndProject
Project("{F184B08F-C81C-45F6-A57F-5ABD9991F28F}") = "Rearrange Name Project", "..\..\..\..\Downloads\1285860268_492904 StudentFiles\VB2015\Chap08\Rearrange Name Solution\Rearrange Name Project\Rearrange Name Project.vbproj", "{BB8529F9-4692-41D9-8D93-57934622D226}"
EndProject
Project("{F184B08F-C81C-45F6-A57F-5ABD9991F28F}") = "jbutenhoff2i1", "jbutenhoff2i1\jbutenhoff2i1.vbproj", "{860996FA-4962-4536-B2DC-46763DDBA5D9}"
EndProject
Project("{F184B08F-C81C-45F6-A57F-5ABD9991F28F}") = "jbutenhoff2j1", "jbutenhoff2j1\jbutenhoff2j1.vbproj", "{58753749-2498-4BD0-8B25-D280A42D40A5}"
EndProject
Project("{F184B08F-C81C-45F6-A57F-5ABD9991F28F}") = "jbutenhoff2f1", "jbutenhoff2f2\jbutenhoff2f1.vbproj", "{78F6264D-D898-4ADB-B04E-313E7B40952A}"
EndProject
Global
	GlobalSection(SolutionConfigurationPlatforms) = preSolution
		Debug|Any CPU = Debug|Any CPU
		Release|Any CPU = Release|Any CPU
	EndGlobalSection
	GlobalSection(ProjectConfigurationPlatforms) = postSolution
		{D9810612-3D40-42BB-9EC3-E62ABEA41D2C}.Debug|Any CPU.ActiveCfg = Debug|Any CPU
		{D9810612-3D40-42BB-9EC3-E62ABEA41D2C}.Debug|Any CPU.Build.0 = Debug|Any CPU
		{D9810612-3D40-42BB-9EC3-E62ABEA41D2C}.Release|Any CPU.ActiveCfg = Release|Any CPU
		{D9810612-3D40-42BB-9EC3-E62ABEA41D2C}.Release|Any CPU.Build.0 = Release|Any CPU
		{94385866-821C-4CB4-A3FB-54BE9745AA11}.Debug|Any CPU.ActiveCfg = Debug|Any CPU
		{94385866-821C-4CB4-A3FB-54BE9745AA11}.Debug|Any CPU.Build.0 = Debug|Any CPU
		{94385866-821C-4CB4-A3FB-54BE9745AA11}.Release|Any CPU.ActiveCfg = Release|Any CPU
		{94385866-821C-4CB4-A3FB-54BE9745AA11}.Release|Any CPU.Build.0 = Release|Any CPU
		{7691698E-10E6-4345-BDAA-97C98B4DAACE}.Debug|Any CPU.ActiveCfg = Debug|Any CPU
		{7691698E-10E6-4345-BDAA-97C98B4DAACE}.Debug|Any CPU.Build.0 = Debug|Any CPU
		{7691698E-10E6-4345-BDAA-97C98B4DAACE}.Release|Any CPU.ActiveCfg = Release|Any CPU
		{7691698E-10E6-4345-BDAA-97C98B4DAACE}.Release|Any CPU.Build.0 = Release|Any CPU
		{6561F37D-DF96-41A1-B742-827B6202DC59}.Debug|Any CPU.ActiveCfg = Debug|Any CPU
		{6561F37D-DF96-41A1-B742-827B6202DC59}.Debug|Any CPU.Build.0 = Debug|Any CPU
		{6561F37D-DF96-41A1-B742-827B6202DC59}.Release|Any CPU.ActiveCfg = Release|Any CPU
		{6561F37D-DF96-41A1-B742-827B6202DC59}.Release|Any CPU.Build.0 = Release|Any CPU
		{44523CB7-0AB2-4EA4-B8EE-7C9E6F2790BD}.Debug|Any CPU.ActiveCfg = Debug|Any CPU
		{44523CB7-0AB2-4EA4-B8EE-7C9E6F2790BD}.Debug|Any CPU.Build.0 = Debug|Any CPU
		{44523CB7-0AB2-4EA4-B8EE-7C9E6F2790BD}.Release|Any CPU.ActiveCfg = Release|Any CPU
		{44523CB7-0AB2-4EA4-B8EE-7C9E6F2790BD}.Release|Any CPU.Build.0 = Release|Any CPU
		{DF687627-31D0-4856-ACD3-E28778287291}.Debug|Any CPU.ActiveCfg = Debug|Any CPU
		{DF687627-31D0-4856-ACD3-E28778287291}.Debug|Any CPU.Build.0 = Debug|Any CPU
		{DF687627-31D0-4856-ACD3-E28778287291}.Release|Any CPU.ActiveCfg = Release|Any CPU
		{DF687627-31D0-4856-ACD3-E28778287291}.Release|Any CPU.Build.0 = Release|Any CPU
		{0B34D036-7D17-428C-BD1F-6CB5B5CA3B82}.Debug|Any CPU.ActiveCfg = Debug|Any CPU
		{0B34D036-7D17-428C-BD1F-6CB5B5CA3B82}.Debug|Any CPU.Build.0 = Debug|Any CPU
		{0B34D036-7D17-428C-BD1F-6CB5B5CA3B82}.Release|Any CPU.ActiveCfg = Release|Any CPU
		{0B34D036-7D17-428C-BD1F-6CB5B5CA3B82}.Release|Any CPU.Build.0 = Release|Any CPU
		{55C43BC1-94A4-4F82-A5E0-B71AD974043E}.Debug|Any CPU.ActiveCfg = Debug|Any CPU
		{55C43BC1-94A4-4F82-A5E0-B71AD974043E}.Debug|Any CPU.Build.0 = Debug|Any CPU
		{55C43BC1-94A4-4F82-A5E0-B71AD974043E}.Release|Any CPU.ActiveCfg = Release|Any CPU
		{55C43BC1-94A4-4F82-A5E0-B71AD974043E}.Release|Any CPU.Build.0 = Release|Any CPU
		{AB8490AC-3483-4455-96A0-A2B77BE69768}.Debug|Any CPU.ActiveCfg = Debug|Any CPU
		{AB8490AC-3483-4455-96A0-A2B77BE69768}.Debug|Any CPU.Build.0 = Debug|Any CPU
		{AB8490AC-3483-4455-96A0-A2B77BE69768}.Release|Any CPU.ActiveCfg = Release|Any CPU
		{AB8490AC-3483-4455-96A0-A2B77BE69768}.Release|Any CPU.Build.0 = Release|Any CPU
		{0C3FB571-F6F3-4870-B182-9BF7EF589F06}.Debug|Any CPU.ActiveCfg = Debug|Any CPU
		{0C3FB571-F6F3-4870-B182-9BF7EF589F06}.Debug|Any CPU.Build.0 = Debug|Any CPU
		{0C3FB571-F6F3-4870-B182-9BF7EF589F06}.Release|Any CPU.ActiveCfg = Release|Any CPU
		{0C3FB571-F6F3-4870-B182-9BF7EF589F06}.Release|Any CPU.Build.0 = Release|Any CPU
		{6B1DFB56-BA34-453B-8777-5E5D9D46F9B4}.Debug|Any CPU.ActiveCfg = Debug|Any CPU
		{6B1DFB56-BA34-453B-8777-5E5D9D46F9B4}.Debug|Any CPU.Build.0 = Debug|Any CPU
		{6B1DFB56-BA34-453B-8777-5E5D9D46F9B4}.Release|Any CPU.ActiveCfg = Release|Any CPU
		{6B1DFB56-BA34-453B-8777-5E5D9D46F9B4}.Release|Any CPU.Build.0 = Release|Any CPU
		{5C30B494-BC7C-4FBD-BBFE-187B1A83AD0B}.Debug|Any CPU.ActiveCfg = Debug|Any CPU
		{5C30B494-BC7C-4FBD-BBFE-187B1A83AD0B}.Debug|Any CPU.Build.0 = Debug|Any CPU
		{5C30B494-BC7C-4FBD-BBFE-187B1A83AD0B}.Release|Any CPU.ActiveCfg = Release|Any CPU
		{5C30B494-BC7C-4FBD-BBFE-187B1A83AD0B}.Release|Any CPU.Build.0 = Release|Any CPU
		{4B1FF7F8-633D-4A1E-AF8A-1EFE805972AF}.Debug|Any CPU.ActiveCfg = Debug|Any CPU
		{4B1FF7F8-633D-4A1E-AF8A-1EFE805972AF}.Debug|Any CPU.Build.0 = Debug|Any CPU
		{4B1FF7F8-633D-4A1E-AF8A-1EFE805972AF}.Release|Any CPU.ActiveCfg = Release|Any CPU
		{4B1FF7F8-633D-4A1E-AF8A-1EFE805972AF}.Release|Any CPU.Build.0 = Release|Any CPU
		{5B87C39D-8393-4BAC-B8E8-18A4A5CDA336}.Debug|Any CPU.ActiveCfg = Debug|Any CPU
		{5B87C39D-8393-4BAC-B8E8-18A4A5CDA336}.Debug|Any CPU.Build.0 = Debug|Any CPU
		{5B87C39D-8393-4BAC-B8E8-18A4A5CDA336}.Release|Any CPU.ActiveCfg = Release|Any CPU
		{5B87C39D-8393-4BAC-B8E8-18A4A5CDA336}.Release|Any CPU.Build.0 = Release|Any CPU
		{0CDBCBC5-3507-47C7-8B73-9FC1A802A750}.Debug|Any CPU.ActiveCfg = Debug|Any CPU
		{0CDBCBC5-3507-47C7-8B73-9FC1A802A750}.Debug|Any CPU.Build.0 = Debug|Any CPU
		{0CDBCBC5-3507-47C7-8B73-9FC1A802A750}.Release|Any CPU.ActiveCfg = Release|Any CPU
		{0CDBCBC5-3507-47C7-8B73-9FC1A802A750}.Release|Any CPU.Build.0 = Release|Any CPU
		{4DB33D66-40AD-472E-86A2-431A2B82D5B7}.Debug|Any CPU.ActiveCfg = Debug|Any CPU
		{4DB33D66-40AD-472E-86A2-431A2B82D5B7}.Debug|Any CPU.Build.0 = Debug|Any CPU
		{4DB33D66-40AD-472E-86A2-431A2B82D5B7}.Release|Any CPU.ActiveCfg = Release|Any CPU
		{4DB33D66-40AD-472E-86A2-431A2B82D5B7}.Release|Any CPU.Build.0 = Release|Any CPU
		{B042967E-DFDF-4479-ABC4-93B7E37BE67C}.Debug|Any CPU.ActiveCfg = Debug|Any CPU
		{B042967E-DFDF-4479-ABC4-93B7E37BE67C}.Debug|Any CPU.Build.0 = Debug|Any CPU
		{B042967E-DFDF-4479-ABC4-93B7E37BE67C}.Release|Any CPU.ActiveCfg = Release|Any CPU
		{B042967E-DFDF-4479-ABC4-93B7E37BE67C}.Release|Any CPU.Build.0 = Release|Any CPU
		{C48484E0-525E-4222-A7C4-76AA5B0730FB}.Debug|Any CPU.ActiveCfg = Debug|Any CPU
		{C48484E0-525E-4222-A7C4-76AA5B0730FB}.Debug|Any CPU.Build.0 = Debug|Any CPU
		{C48484E0-525E-4222-A7C4-76AA5B0730FB}.Release|Any CPU.ActiveCfg = Release|Any CPU
		{C48484E0-525E-4222-A7C4-76AA5B0730FB}.Release|Any CPU.Build.0 = Release|Any CPU
		{0DEB5F7A-BF3D-49B9-8BB7-B9C88DCBAB35}.Debug|Any CPU.ActiveCfg = Debug|Any CPU
		{0DEB5F7A-BF3D-49B9-8BB7-B9C88DCBAB35}.Debug|Any CPU.Build.0 = Debug|Any CPU
		{0DEB5F7A-BF3D-49B9-8BB7-B9C88DCBAB35}.Release|Any CPU.ActiveCfg = Release|Any CPU
		{0DEB5F7A-BF3D-49B9-8BB7-B9C88DCBAB35}.Release|Any CPU.Build.0 = Release|Any CPU
		{B448F313-7C90-44A9-AF5D-8632D3A0B73F}.Debug|Any CPU.ActiveCfg = Debug|Any CPU
		{B448F313-7C90-44A9-AF5D-8632D3A0B73F}.Debug|Any CPU.Build.0 = Debug|Any CPU
		{B448F313-7C90-44A9-AF5D-8632D3A0B73F}.Release|Any CPU.ActiveCfg = Release|Any CPU
		{B448F313-7C90-44A9-AF5D-8632D3A0B73F}.Release|Any CPU.Build.0 = Release|Any CPU
		{504F2E90-959E-49F3-BD6B-2886E6E73922}.Debug|Any CPU.ActiveCfg = Debug|Any CPU
		{504F2E90-959E-49F3-BD6B-2886E6E73922}.Debug|Any CPU.Build.0 = Debug|Any CPU
		{504F2E90-959E-49F3-BD6B-2886E6E73922}.Release|Any CPU.ActiveCfg = Release|Any CPU
		{504F2E90-959E-49F3-BD6B-2886E6E73922}.Release|Any CPU.Build.0 = Release|Any CPU
		{110C3EFB-CA25-4722-8C19-6781FBDD5704}.Debug|Any CPU.ActiveCfg = Debug|Any CPU
		{110C3EFB-CA25-4722-8C19-6781FBDD5704}.Debug|Any CPU.Build.0 = Debug|Any CPU
		{110C3EFB-CA25-4722-8C19-6781FBDD5704}.Release|Any CPU.ActiveCfg = Release|Any CPU
		{110C3EFB-CA25-4722-8C19-6781FBDD5704}.Release|Any CPU.Build.0 = Release|Any CPU
		{EB94A82D-F492-4F18-8842-01647FCB14EE}.Debug|Any CPU.ActiveCfg = Debug|Any CPU
		{EB94A82D-F492-4F18-8842-01647FCB14EE}.Debug|Any CPU.Build.0 = Debug|Any CPU
		{EB94A82D-F492-4F18-8842-01647FCB14EE}.Release|Any CPU.ActiveCfg = Release|Any CPU
		{EB94A82D-F492-4F18-8842-01647FCB14EE}.Release|Any CPU.Build.0 = Release|Any CPU
		{CDE283B4-7054-49FD-B2B7-EBE405025712}.Debug|Any CPU.ActiveCfg = Debug|Any CPU
		{CDE283B4-7054-49FD-B2B7-EBE405025712}.Debug|Any CPU.Build.0 = Debug|Any CPU
		{CDE283B4-7054-49FD-B2B7-EBE405025712}.Release|Any CPU.ActiveCfg = Release|Any CPU
		{CDE283B4-7054-49FD-B2B7-EBE405025712}.Release|Any CPU.Build.0 = Release|Any CPU
		{5B0D6235-E8E7-4E43-9E08-87EF791A007D}.Debug|Any CPU.ActiveCfg = Debug|Any CPU
		{5B0D6235-E8E7-4E43-9E08-87EF791A007D}.Debug|Any CPU.Build.0 = Debug|Any CPU
		{5B0D6235-E8E7-4E43-9E08-87EF791A007D}.Release|Any CPU.ActiveCfg = Release|Any CPU
		{5B0D6235-E8E7-4E43-9E08-87EF791A007D}.Release|Any CPU.Build.0 = Release|Any CPU
		{BB8529F9-4692-41D9-8D93-57934622D226}.Debug|Any CPU.ActiveCfg = Debug|Any CPU
		{BB8529F9-4692-41D9-8D93-57934622D226}.Debug|Any CPU.Build.0 = Debug|Any CPU
		{BB8529F9-4692-41D9-8D93-57934622D226}.Release|Any CPU.ActiveCfg = Release|Any CPU
		{BB8529F9-4692-41D9-8D93-57934622D226}.Release|Any CPU.Build.0 = Release|Any CPU
		{860996FA-4962-4536-B2DC-46763DDBA5D9}.Debug|Any CPU.ActiveCfg = Debug|Any CPU
		{860996FA-4962-4536-B2DC-46763DDBA5D9}.Debug|Any CPU.Build.0 = Debug|Any CPU
		{860996FA-4962-4536-B2DC-46763DDBA5D9}.Release|Any CPU.ActiveCfg = Release|Any CPU
		{860996FA-4962-4536-B2DC-46763DDBA5D9}.Release|Any CPU.Build.0 = Release|Any CPU
		{58753749-2498-4BD0-8B25-D280A42D40A5}.Debug|Any CPU.ActiveCfg = Debug|Any CPU
		{58753749-2498-4BD0-8B25-D280A42D40A5}.Debug|Any CPU.Build.0 = Debug|Any CPU
		{58753749-2498-4BD0-8B25-D280A42D40A5}.Release|Any CPU.ActiveCfg = Release|Any CPU
		{58753749-2498-4BD0-8B25-D280A42D40A5}.Release|Any CPU.Build.0 = Release|Any CPU
		{78F6264D-D898-4ADB-B04E-313E7B40952A}.Debug|Any CPU.ActiveCfg = Debug|Any CPU
		{78F6264D-D898-4ADB-B04E-313E7B40952A}.Debug|Any CPU.Build.0 = Debug|Any CPU
		{78F6264D-D898-4ADB-B04E-313E7B40952A}.Release|Any CPU.ActiveCfg = Release|Any CPU
		{78F6264D-D898-4ADB-B04E-313E7B40952A}.Release|Any CPU.Build.0 = Release|Any CPU
	EndGlobalSection
	GlobalSection(SolutionProperties) = preSolution
		HideSolutionNode = FALSE
	EndGlobalSection
	GlobalSection(ExtensibilityGlobals) = postSolution
		SolutionGuid = {0F465EDC-4EA6-438F-8519-89ECFF91E5A7}
	EndGlobalSection
EndGlobal
